dependencies:
  espressif/esp-serial-flasher:
    component_hash: dcc42a16712a1a636509cf0bf90e14032d7f2141784b533613b267b6aa318d52
    source:
      service_url: https://api.components.espressif.com/
      type: service
    version: 0.0.11
  espressif/esp-zboss-lib:
    component_hash: dad55dcf4e9e05892d75c833f621d0421b6b6657c5078fd9cfb2da9a496f9a91
    source:
      service_url: https://api.components.espressif.com/
      type: service
    version: 1.2.1
  espressif/esp-zigbee-lib:
    component_hash: 3485a92e8eddeb47dc80ab14e771ea7ae70cdfe72ce1c11216c7df51e4774b2e
    source:
      service_url: https://api.components.espressif.com/
      type: service
    version: 1.2.1
  espressif/esp_rcp_update:
    component_hash: 5bd5e45c7bddcbef55b7180819b056ba69a92e16ae705548f61dc0402b6d7ec7
    source:
      service_url: https://api.components.espressif.com/
      type: service
    version: 0.3.1
  espressif/led_strip:
    component_hash: 7e92a0c8a2e35b40904f88e88ce3c0dffff504a2763f70fba7ef4787cf2eec83
    source:
      service_url: https://api.components.espressif.com/
      type: service
    version: 2.0.0
  idf:
    component_hash: null
    source:
      type: idf
    version: 5.2.0
manifest_hash: 5275814a8d474b0001f2d30c5bb07ff2a4b059a170235102d5dcd3960191c076
target: esp32c6
version: 1.0.0
